
Microsoft Visual Studio Solution File, Format Version 12.00
# Visual Studio 15
VisualStudioVersion = 15.0.27130.2010
MinimumVisualStudioVersion = 10.0.40219.1
Project("{FAE04EC0-301F-11D3-BF4B-00C04F79EFBC}") = "App", "App\App.csproj", "{581A468D-2E44-4738-A823-F43C0636555D}"
EndProject
Global
	GlobalSection(SolutionConfigurationPlatforms) = preSolution
		Debug|Any CPU = Debug|Any CPU
		Release|Any CPU = Release|Any CPU
	EndGlobalSection
	GlobalSection(ProjectConfigurationPlatforms) = postSolution
		{581A468D-2E44-4738-A823-F43C0636555D}.Debug|Any CPU.ActiveCfg = Debug|Any CPU
		{581A468D-2E44-4738-A823-F43C0636555D}.Debug|Any CPU.Build.0 = Debug|Any CPU
		{581A468D-2E44-4738-A823-F43C0636555D}.Release|Any CPU.ActiveCfg = Release|Any CPU
		{581A468D-2E44-4738-A823-F43C0636555D}.Release|Any CPU.Build.0 = Release|Any CPU
	EndGlobalSection
	GlobalSection(SolutionProperties) = preSolution
		HideSolutionNode = FALSE
	EndGlobalSection
	GlobalSection(ExtensibilityGlobals) = postSolution
		SolutionGuid = {4FF9A379-8C6A-4745-9208-A302CCE25C1E}
	EndGlobalSection
EndGlobal
